
Microsoft Visual Studio Solution File, Format Version 12.00
# Visual Studio 15
VisualStudioVersion = 15.0.28010.2036
MinimumVisualStudioVersion = 10.0.40219.1
Project("{8BC9CEB8-8B4A-11D0-8D11-00A0C91BC942}") = "ListNode", "ListNode\ListNode.vcxproj", "{DDC7E7A8-5FC6-4212-9414-108A7A373C64}"
EndProject
Global
	GlobalSection(SolutionConfigurationPlatforms) = preSolution
		Debug|x64 = Debug|x64
		Debug|x86 = Debug|x86
		Release|x64 = Release|x64
		Release|x86 = Release|x86
	EndGlobalSection
	GlobalSection(ProjectConfigurationPlatforms) = postSolution
		{DDC7E7A8-5FC6-4212-9414-108A7A373C64}.Debug|x64.ActiveCfg = Debug|x64
		{DDC7E7A8-5FC6-4212-9414-108A7A373C64}.Debug|x64.Build.0 = Debug|x64
		{DDC7E7A8-5FC6-4212-9414-108A7A373C64}.Debug|x86.ActiveCfg = Debug|Win32
		{DDC7E7A8-5FC6-4212-9414-108A7A373C64}.Debug|x86.Build.0 = Debug|Win32
		{DDC7E7A8-5FC6-4212-9414-108A7A373C64}.Release|x64.ActiveCfg = Release|x64
		{DDC7E7A8-5FC6-4212-9414-108A7A373C64}.Release|x64.Build.0 = Release|x64
		{DDC7E7A8-5FC6-4212-9414-108A7A373C64}.Release|x86.ActiveCfg = Release|Win32
		{DDC7E7A8-5FC6-4212-9414-108A7A373C64}.Release|x86.Build.0 = Release|Win32
	EndGlobalSection
	GlobalSection(SolutionProperties) = preSolution
		HideSolutionNode = FALSE
	EndGlobalSection
	GlobalSection(ExtensibilityGlobals) = postSolution
		SolutionGuid = {14A464F9-E81A-4C18-8096-E7B78ADB3538}
	EndGlobalSection
EndGlobal
